
Microsoft Visual Studio Solution File, Format Version 12.00
# Visual Studio 2012
Project("{FAE04EC0-301F-11D3-BF4B-00C04F79EFBC}") = "Web", "Web\Web.csproj", "{65562227-EE46-4420-98C0-4A5EEF678C21}"
EndProject
Project("{FAE04EC0-301F-11D3-BF4B-00C04F79EFBC}") = "KnockoutAttributeValidation", "KnockoutAttributeValidation\KnockoutAttributeValidation.csproj", "{69006C7A-E4CD-4681-8125-F3764476E2B0}"
EndProject
Global
	GlobalSection(SolutionConfigurationPlatforms) = preSolution
		Debug|Any CPU = Debug|Any CPU
		Release|Any CPU = Release|Any CPU
	EndGlobalSection
	GlobalSection(ProjectConfigurationPlatforms) = postSolution
		{65562227-EE46-4420-98C0-4A5EEF678C21}.Debug|Any CPU.ActiveCfg = Debug|Any CPU
		{65562227-EE46-4420-98C0-4A5EEF678C21}.Debug|Any CPU.Build.0 = Debug|Any CPU
		{65562227-EE46-4420-98C0-4A5EEF678C21}.Release|Any CPU.ActiveCfg = Release|Any CPU
		{65562227-EE46-4420-98C0-4A5EEF678C21}.Release|Any CPU.Build.0 = Release|Any CPU
		{69006C7A-E4CD-4681-8125-F3764476E2B0}.Debug|Any CPU.ActiveCfg = Debug|Any CPU
		{69006C7A-E4CD-4681-8125-F3764476E2B0}.Debug|Any CPU.Build.0 = Debug|Any CPU
		{69006C7A-E4CD-4681-8125-F3764476E2B0}.Release|Any CPU.ActiveCfg = Release|Any CPU
		{69006C7A-E4CD-4681-8125-F3764476E2B0}.Release|Any CPU.Build.0 = Release|Any CPU
	EndGlobalSection
	GlobalSection(SolutionProperties) = preSolution
		HideSolutionNode = FALSE
	EndGlobalSection
EndGlobal
